
Microsoft Visual Studio Solution File, Format Version 12.00
# Visual Studio Version 17
VisualStudioVersion = 17.3.32825.248
MinimumVisualStudioVersion = 10.0.40219.1
Project("{9A19103F-16F7-4668-BE54-9A1E7A4F7556}") = "Calidad20222.web", "Calidad20222.web\Calidad20222.web.csproj", "{6C3B2E1C-4FFA-4485-B12A-1A04C0EF0867}"
EndProject
Project("{FAE04EC0-301F-11D3-BF4B-00C04F79EFBC}") = "Calidad20222.webTests", "Calidad20222.webTests\Calidad20222.webTests.csproj", "{361D7501-A4BF-42A8-8F98-045C758472E6}"
EndProject
Global
	GlobalSection(SolutionConfigurationPlatforms) = preSolution
		Debug|Any CPU = Debug|Any CPU
		Release|Any CPU = Release|Any CPU
	EndGlobalSection
	GlobalSection(ProjectConfigurationPlatforms) = postSolution
		{6C3B2E1C-4FFA-4485-B12A-1A04C0EF0867}.Debug|Any CPU.ActiveCfg = Debug|Any CPU
		{6C3B2E1C-4FFA-4485-B12A-1A04C0EF0867}.Debug|Any CPU.Build.0 = Debug|Any CPU
		{6C3B2E1C-4FFA-4485-B12A-1A04C0EF0867}.Release|Any CPU.ActiveCfg = Release|Any CPU
		{6C3B2E1C-4FFA-4485-B12A-1A04C0EF0867}.Release|Any CPU.Build.0 = Release|Any CPU
		{361D7501-A4BF-42A8-8F98-045C758472E6}.Debug|Any CPU.ActiveCfg = Debug|Any CPU
		{361D7501-A4BF-42A8-8F98-045C758472E6}.Debug|Any CPU.Build.0 = Debug|Any CPU
		{361D7501-A4BF-42A8-8F98-045C758472E6}.Release|Any CPU.ActiveCfg = Release|Any CPU
		{361D7501-A4BF-42A8-8F98-045C758472E6}.Release|Any CPU.Build.0 = Release|Any CPU
	EndGlobalSection
	GlobalSection(SolutionProperties) = preSolution
		HideSolutionNode = FALSE
	EndGlobalSection
	GlobalSection(ExtensibilityGlobals) = postSolution
		SolutionGuid = {F720EAEF-6023-431D-8D26-B6BF415BAE8F}
	EndGlobalSection
EndGlobal
